
Microsoft Visual Studio Solution File, Format Version 12.00
# Visual Studio 14
VisualStudioVersion = 14.0.25420.1
MinimumVisualStudioVersion = 10.0.40219.1
Project("{FAE04EC0-301F-11D3-BF4B-00C04F79EFBC}") = "RentACar_ConsoleApplication", "RentACar_ConsoleApplication\RentACar_ConsoleApplication.csproj", "{A481C934-8B98-4907-A615-F504D3FA8A45}"
EndProject
Global
	GlobalSection(SolutionConfigurationPlatforms) = preSolution
		Debug|Any CPU = Debug|Any CPU
		Release|Any CPU = Release|Any CPU
	EndGlobalSection
	GlobalSection(ProjectConfigurationPlatforms) = postSolution
		{A481C934-8B98-4907-A615-F504D3FA8A45}.Debug|Any CPU.ActiveCfg = Debug|Any CPU
		{A481C934-8B98-4907-A615-F504D3FA8A45}.Debug|Any CPU.Build.0 = Debug|Any CPU
		{A481C934-8B98-4907-A615-F504D3FA8A45}.Release|Any CPU.ActiveCfg = Release|Any CPU
		{A481C934-8B98-4907-A615-F504D3FA8A45}.Release|Any CPU.Build.0 = Release|Any CPU
	EndGlobalSection
	GlobalSection(SolutionProperties) = preSolution
		HideSolutionNode = FALSE
	EndGlobalSection
EndGlobal
