
Microsoft Visual Studio Solution File, Format Version 12.00
# Visual Studio 14
VisualStudioVersion = 14.0.25420.1
MinimumVisualStudioVersion = 10.0.40219.1
Project("{FAE04EC0-301F-11D3-BF4B-00C04F79EFBC}") = "StackpanelAnd BindingWpfApplication", "StackpanelAnd BindingWpfApplication\StackpanelAnd BindingWpfApplication.csproj", "{CA6F5E1A-43E5-4D65-8F91-6FD41D33B103}"
EndProject
Global
	GlobalSection(SolutionConfigurationPlatforms) = preSolution
		Debug|Any CPU = Debug|Any CPU
		Release|Any CPU = Release|Any CPU
	EndGlobalSection
	GlobalSection(ProjectConfigurationPlatforms) = postSolution
		{CA6F5E1A-43E5-4D65-8F91-6FD41D33B103}.Debug|Any CPU.ActiveCfg = Debug|Any CPU
		{CA6F5E1A-43E5-4D65-8F91-6FD41D33B103}.Debug|Any CPU.Build.0 = Debug|Any CPU
		{CA6F5E1A-43E5-4D65-8F91-6FD41D33B103}.Release|Any CPU.ActiveCfg = Release|Any CPU
		{CA6F5E1A-43E5-4D65-8F91-6FD41D33B103}.Release|Any CPU.Build.0 = Release|Any CPU
	EndGlobalSection
	GlobalSection(SolutionProperties) = preSolution
		HideSolutionNode = FALSE
	EndGlobalSection
EndGlobal
