
Microsoft Visual Studio Solution File, Format Version 12.00
# Visual Studio 14
VisualStudioVersion = 14.0.25420.1
MinimumVisualStudioVersion = 10.0.40219.1
Project("{FAE04EC0-301F-11D3-BF4B-00C04F79EFBC}") = "Discounter_ConsoleApplication", "Discounter_ConsoleApplication\Discounter_ConsoleApplication.csproj", "{A0D4E33E-0640-4360-994E-99A520A29931}"
EndProject
Project("{2150E333-8FDC-42A3-9474-1A3956D46DE8}") = "Solution Items", "Solution Items", "{ECAB95CF-2317-466D-922F-8DDD354367CF}"
	ProjectSection(SolutionItems) = preProject
		TextFile1.txt = TextFile1.txt
	EndProjectSection
EndProject
Global
	GlobalSection(SolutionConfigurationPlatforms) = preSolution
		Debug|Any CPU = Debug|Any CPU
		Release|Any CPU = Release|Any CPU
	EndGlobalSection
	GlobalSection(ProjectConfigurationPlatforms) = postSolution
		{A0D4E33E-0640-4360-994E-99A520A29931}.Debug|Any CPU.ActiveCfg = Debug|Any CPU
		{A0D4E33E-0640-4360-994E-99A520A29931}.Debug|Any CPU.Build.0 = Debug|Any CPU
		{A0D4E33E-0640-4360-994E-99A520A29931}.Release|Any CPU.ActiveCfg = Release|Any CPU
		{A0D4E33E-0640-4360-994E-99A520A29931}.Release|Any CPU.Build.0 = Release|Any CPU
	EndGlobalSection
	GlobalSection(SolutionProperties) = preSolution
		HideSolutionNode = FALSE
	EndGlobalSection
EndGlobal
